// !$*UTF8*$!
{
	archiveVersion = 1;
	classes = {
	};
	objectVersion = 55;
	objects = {

/* Begin PBXBuildFile section */
		AD73AB1A271335BC00615B20 /* AsyncAwaitMVVMApp.swift in Sources */ = {isa = PBXBuildFile; fileRef = AD73AB19271335BC00615B20 /* AsyncAwaitMVVMApp.swift */; };
		AD73AB1C271335BC00615B20 /* ContentView.swift in Sources */ = {isa = PBXBuildFile; fileRef = AD73AB1B271335BC00615B20 /* ContentView.swift */; };
		AD73AB1E271335BF00615B20 /* Assets.xcassets in Resources */ = {isa = PBXBuildFile; fileRef = AD73AB1D271335BF00615B20 /* Assets.xcassets */; };
		AD73AB21271335BF00615B20 /* Preview Assets.xcassets in Resources */ = {isa = PBXBuildFile; fileRef = AD73AB20271335BF00615B20 /* Preview Assets.xcassets */; };
		AD73AB292713360A00615B20 /* APIConstants.swift in Sources */ = {isa = PBXBuildFile; fileRef = AD73AB282713360A00615B20 /* APIConstants.swift */; };
		AD73AB2E2713365500615B20 /* Quote.swift in Sources */ = {isa = PBXBuildFile; fileRef = AD73AB2D2713365500615B20 /* Quote.swift */; };
		AD73AB312713383E00615B20 /* QuoteScreen.swift in Sources */ = {isa = PBXBuildFile; fileRef = AD73AB302713383E00615B20 /* QuoteScreen.swift */; };
		AD73AB3427133DE900615B20 /* QuoteView.swift in Sources */ = {isa = PBXBuildFile; fileRef = AD73AB3327133DE900615B20 /* QuoteView.swift */; };
		AD73AB372713425F00615B20 /* QuoteService.swift in Sources */ = {isa = PBXBuildFile; fileRef = AD73AB362713425F00615B20 /* QuoteService.swift */; };
		AD73AB3A2713496700615B20 /* QuoteViewModel.swift in Sources */ = {isa = PBXBuildFile; fileRef = AD73AB392713496700615B20 /* QuoteViewModel.swift */; };
/* End PBXBuildFile section */

/* Begin PBXFileReference section */
		AD73AB16271335BC00615B20 /* AsyncAwaitMVVM.app */ = {isa = PBXFileReference; explicitFileType = wrapper.application; includeInIndex = 0; path = AsyncAwaitMVVM.app; sourceTree = BUILT_PRODUCTS_DIR; };
		AD73AB19271335BC00615B20 /* AsyncAwaitMVVMApp.swift */ = {isa = PBXFileReference; lastKnownFileType = sourcecode.swift; path = AsyncAwaitMVVMApp.swift; sourceTree = "<group>"; };
		AD73AB1B271335BC00615B20 /* ContentView.swift */ = {isa = PBXFileReference; lastKnownFileType = sourcecode.swift; path = ContentView.swift; sourceTree = "<group>"; };
		AD73AB1D271335BF00615B20 /* Assets.xcassets */ = {isa = PBXFileReference; lastKnownFileType = folder.assetcatalog; path = Assets.xcassets; sourceTree = "<group>"; };
		AD73AB20271335BF00615B20 /* Preview Assets.xcassets */ = {isa = PBXFileReference; lastKnownFileType = folder.assetcatalog; path = "Preview Assets.xcassets"; sourceTree = "<group>"; };
		AD73AB282713360A00615B20 /* APIConstants.swift */ = {isa = PBXFileReference; lastKnownFileType = sourcecode.swift; path = APIConstants.swift; sourceTree = "<group>"; };
		AD73AB2D2713365500615B20 /* Quote.swift */ = {isa = PBXFileReference; lastKnownFileType = sourcecode.swift; path = Quote.swift; sourceTree = "<group>"; };
		AD73AB302713383E00615B20 /* QuoteScreen.swift */ = {isa = PBXFileReference; lastKnownFileType = sourcecode.swift; path = QuoteScreen.swift; sourceTree = "<group>"; };
		AD73AB3327133DE900615B20 /* QuoteView.swift */ = {isa = PBXFileReference; lastKnownFileType = sourcecode.swift; path = QuoteView.swift; sourceTree = "<group>"; };
		AD73AB362713425F00615B20 /* QuoteService.swift */ = {isa = PBXFileReference; lastKnownFileType = sourcecode.swift; path = QuoteService.swift; sourceTree = "<group>"; };
		AD73AB392713496700615B20 /* QuoteViewModel.swift */ = {isa = PBXFileReference; lastKnownFileType = sourcecode.swift; path = QuoteViewModel.swift; sourceTree = "<group>"; };
/* End PBXFileReference section */

/* Begin PBXFrameworksBuildPhase section */
		AD73AB13271335BC00615B20 /* Frameworks */ = {
			isa = PBXFrameworksBuildPhase;
			buildActionMask = 2147483647;
			files = (
			);
			runOnlyForDeploymentPostprocessing = 0;
		};
/* End PBXFrameworksBuildPhase section */

/* Begin PBXGroup section */
		AD73AB0D271335BC00615B20 = {
			isa = PBXGroup;
			children = (
				AD73AB18271335BC00615B20 /* AsyncAwaitMVVM */,
				AD73AB17271335BC00615B20 /* Products */,
			);
			sourceTree = "<group>";
		};
		AD73AB17271335BC00615B20 /* Products */ = {
			isa = PBXGroup;
			children = (
				AD73AB16271335BC00615B20 /* AsyncAwaitMVVM.app */,
			);
			name = Products;
			sourceTree = "<group>";
		};
		AD73AB18271335BC00615B20 /* AsyncAwaitMVVM */ = {
			isa = PBXGroup;
			children = (
				AD73AB2A2713364500615B20 /* Features */,
				AD73AB27271335FF00615B20 /* Constants */,
				AD73AB19271335BC00615B20 /* AsyncAwaitMVVMApp.swift */,
				AD73AB1B271335BC00615B20 /* ContentView.swift */,
				AD73AB1D271335BF00615B20 /* Assets.xcassets */,
				AD73AB1F271335BF00615B20 /* Preview Content */,
			);
			path = AsyncAwaitMVVM;
			sourceTree = "<group>";
		};
		AD73AB1F271335BF00615B20 /* Preview Content */ = {
			isa = PBXGroup;
			children = (
				AD73AB20271335BF00615B20 /* Preview Assets.xcassets */,
			);
			path = "Preview Content";
			sourceTree = "<group>";
		};
		AD73AB27271335FF00615B20 /* Constants */ = {
			isa = PBXGroup;
			children = (
				AD73AB282713360A00615B20 /* APIConstants.swift */,
			);
			path = Constants;
			sourceTree = "<group>";
		};
		AD73AB2A2713364500615B20 /* Features */ = {
			isa = PBXGroup;
			children = (
				AD73AB2B2713364800615B20 /* Quotes */,
			);
			path = Features;
			sourceTree = "<group>";
		};
		AD73AB2B2713364800615B20 /* Quotes */ = {
			isa = PBXGroup;
			children = (
				AD73AB382713495C00615B20 /* ViewModel */,
				AD73AB352713425300615B20 /* Service */,
				AD73AB3227133DBB00615B20 /* Views */,
				AD73AB2F2713383200615B20 /* Screen */,
				AD73AB2C2713364E00615B20 /* Model */,
			);
			path = Quotes;
			sourceTree = "<group>";
		};
		AD73AB2C2713364E00615B20 /* Model */ = {
			isa = PBXGroup;
			children = (
				AD73AB2D2713365500615B20 /* Quote.swift */,
			);
			path = Model;
			sourceTree = "<group>";
		};
		AD73AB2F2713383200615B20 /* Screen */ = {
			isa = PBXGroup;
			children = (
				AD73AB302713383E00615B20 /* QuoteScreen.swift */,
			);
			path = Screen;
			sourceTree = "<group>";
		};
		AD73AB3227133DBB00615B20 /* Views */ = {
			isa = PBXGroup;
			children = (
				AD73AB3327133DE900615B20 /* QuoteView.swift */,
			);
			path = Views;
			sourceTree = "<group>";
		};
		AD73AB352713425300615B20 /* Service */ = {
			isa = PBXGroup;
			children = (
				AD73AB362713425F00615B20 /* QuoteService.swift */,
			);
			path = Service;
			sourceTree = "<group>";
		};
		AD73AB382713495C00615B20 /* ViewModel */ = {
			isa = PBXGroup;
			children = (
				AD73AB392713496700615B20 /* QuoteViewModel.swift */,
			);
			path = ViewModel;
			sourceTree = "<group>";
		};
/* End PBXGroup section */

/* Begin PBXNativeTarget section */
		AD73AB15271335BC00615B20 /* AsyncAwaitMVVM */ = {
			isa = PBXNativeTarget;
			buildConfigurationList = AD73AB24271335BF00615B20 /* Build configuration list for PBXNativeTarget "AsyncAwaitMVVM" */;
			buildPhases = (
				AD73AB12271335BC00615B20 /* Sources */,
				AD73AB13271335BC00615B20 /* Frameworks */,
				AD73AB14271335BC00615B20 /* Resources */,
			);
			buildRules = (
			);
			dependencies = (
			);
			name = AsyncAwaitMVVM;
			productName = AsyncAwaitMVVM;
			productReference = AD73AB16271335BC00615B20 /* AsyncAwaitMVVM.app */;
			productType = "com.apple.product-type.application";
		};
/* End PBXNativeTarget section */

/* Begin PBXProject section */
		AD73AB0E271335BC00615B20 /* Project object */ = {
			isa = PBXProject;
			attributes = {
				BuildIndependentTargetsInParallel = 1;
				LastSwiftUpdateCheck = 1300;
				LastUpgradeCheck = 1300;
				TargetAttributes = {
					AD73AB15271335BC00615B20 = {
						CreatedOnToolsVersion = 13.0;
					};
				};
			};
			buildConfigurationList = AD73AB11271335BC00615B20 /* Build configuration list for PBXProject "AsyncAwaitMVVM" */;
			compatibilityVersion = "Xcode 13.0";
			developmentRegion = en;
			hasScannedForEncodings = 0;
			knownRegions = (
				en,
				Base,
			);
			mainGroup = AD73AB0D271335BC00615B20;
			productRefGroup = AD73AB17271335BC00615B20 /* Products */;
			projectDirPath = "";
			projectRoot = "";
			targets = (
				AD73AB15271335BC00615B20 /* AsyncAwaitMVVM */,
			);
		};
/* End PBXProject section */

/* Begin PBXResourcesBuildPhase section */
		AD73AB14271335BC00615B20 /* Resources */ = {
			isa = PBXResourcesBuildPhase;
			buildActionMask = 2147483647;
			files = (
				AD73AB21271335BF00615B20 /* Preview Assets.xcassets in Resources */,
				AD73AB1E271335BF00615B20 /* Assets.xcassets in Resources */,
			);
			runOnlyForDeploymentPostprocessing = 0;
		};
/* End PBXResourcesBuildPhase section */

/* Begin PBXSourcesBuildPhase section */
		AD73AB12271335BC00615B20 /* Sources */ = {
			isa = PBXSourcesBuildPhase;
			buildActionMask = 2147483647;
			files = (
				AD73AB372713425F00615B20 /* QuoteService.swift in Sources */,
				AD73AB3A2713496700615B20 /* QuoteViewModel.swift in Sources */,
				AD73AB2E2713365500615B20 /* Quote.swift in Sources */,
				AD73AB3427133DE900615B20 /* QuoteView.swift in Sources */,
				AD73AB312713383E00615B20 /* QuoteScreen.swift in Sources */,
				AD73AB1C271335BC00615B20 /* ContentView.swift in Sources */,
				AD73AB1A271335BC00615B20 /* AsyncAwaitMVVMApp.swift in Sources */,
				AD73AB292713360A00615B20 /* APIConstants.swift in Sources */,
			);
			runOnlyForDeploymentPostprocessing = 0;
		};
/* End PBXSourcesBuildPhase section */

/* Begin XCBuildConfiguration section */
		AD73AB22271335BF00615B20 /* Debug */ = {
			isa = XCBuildConfiguration;
			buildSettings = {
				ALWAYS_SEARCH_USER_PATHS = NO;
				CLANG_ANALYZER_NONNULL = YES;
				CLANG_ANALYZER_NUMBER_OBJECT_CONVERSION = YES_AGGRESSIVE;
				CLANG_CXX_LANGUAGE_STANDARD = "gnu++17";
				CLANG_CXX_LIBRARY = "libc++";
				CLANG_ENABLE_MODULES = YES;
				CLANG_ENABLE_OBJC_ARC = YES;
				CLANG_ENABLE_OBJC_WEAK = YES;
				CLANG_WARN_BLOCK_CAPTURE_AUTORELEASING = YES;
				CLANG_WARN_BOOL_CONVERSION = YES;
				CLANG_WARN_COMMA = YES;
				CLANG_WARN_CONSTANT_CONVERSION = YES;
				CLANG_WARN_DEPRECATED_OBJC_IMPLEMENTATIONS = YES;
				CLANG_WARN_DIRECT_OBJC_ISA_USAGE = YES_ERROR;
				CLANG_WARN_DOCUMENTATION_COMMENTS = YES;
				CLANG_WARN_EMPTY_BODY = YES;
				CLANG_WARN_ENUM_CONVERSION = YES;
				CLANG_WARN_INFINITE_RECURSION = YES;
				CLANG_WARN_INT_CONVERSION = YES;
				CLANG_WARN_NON_LITERAL_NULL_CONVERSION = YES;
				CLANG_WARN_OBJC_IMPLICIT_RETAIN_SELF = YES;
				CLANG_WARN_OBJC_LITERAL_CONVERSION = YES;
				CLANG_WARN_OBJC_ROOT_CLASS = YES_ERROR;
				CLANG_WARN_QUOTED_INCLUDE_IN_FRAMEWORK_HEADER = YES;
				CLANG_WARN_RANGE_LOOP_ANALYSIS = YES;
				CLANG_WARN_STRICT_PROTOTYPES = YES;
				CLANG_WARN_SUSPICIOUS_MOVE = YES;
				CLANG_WARN_UNGUARDED_AVAILABILITY = YES_AGGRESSIVE;
				CLANG_WARN_UNREACHABLE_CODE = YES;
				CLANG_WARN__DUPLICATE_METHOD_MATCH = YES;
				COPY_PHASE_STRIP = NO;
				DEBUG_INFORMATION_FORMAT = dwarf;
				ENABLE_STRICT_OBJC_MSGSEND = YES;
				ENABLE_TESTABILITY = YES;
				GCC_C_LANGUAGE_STANDARD = gnu11;
				GCC_DYNAMIC_NO_PIC = NO;
				GCC_NO_COMMON_BLOCKS = YES;
				GCC_OPTIMIZATION_LEVEL = 0;
				GCC_PREPROCESSOR_DEFINITIONS = (
					"DEBUG=1",
					"$(inherited)",
				);
				GCC_WARN_64_TO_32_BIT_CONVERSION = YES;
				GCC_WARN_ABOUT_RETURN_TYPE = YES_ERROR;
				GCC_WARN_UNDECLARED_SELECTOR = YES;
				GCC_WARN_UNINITIALIZED_AUTOS = YES_AGGRESSIVE;
				GCC_WARN_UNUSED_FUNCTION = YES;
				GCC_WARN_UNUSED_VARIABLE = YES;
				IPHONEOS_DEPLOYMENT_TARGET = 15.0;
				MTL_ENABLE_DEBUG_INFO = INCLUDE_SOURCE;
				MTL_FAST_MATH = YES;
				ONLY_ACTIVE_ARCH = YES;
				SDKROOT = iphoneos;
				SWIFT_ACTIVE_COMPILATION_CONDITIONS = DEBUG;
				SWIFT_OPTIMIZATION_LEVEL = "-Onone";
			};
			name = Debug;
		};
		AD73AB23271335BF00615B20 /* Release */ = {
			isa = XCBuildConfiguration;
			buildSettings = {
				ALWAYS_SEARCH_USER_PATHS = NO;
				CLANG_ANALYZER_NONNULL = YES;
				CLANG_ANALYZER_NUMBER_OBJECT_CONVERSION = YES_AGGRESSIVE;
				CLANG_CXX_LANGUAGE_STANDARD = "gnu++17";
				CLANG_CXX_LIBRARY = "libc++";
				CLANG_ENABLE_MODULES = YES;
				CLANG_ENABLE_OBJC_ARC = YES;
				CLANG_ENABLE_OBJC_WEAK = YES;
				CLANG_WARN_BLOCK_CAPTURE_AUTORELEASING = YES;
				CLANG_WARN_BOOL_CONVERSION = YES;
				CLANG_WARN_COMMA = YES;
				CLANG_WARN_CONSTANT_CONVERSION = YES;
				CLANG_WARN_DEPRECATED_OBJC_IMPLEMENTATIONS = YES;
				CLANG_WARN_DIRECT_OBJC_ISA_USAGE = YES_ERROR;
				CLANG_WARN_DOCUMENTATION_COMMENTS = YES;
				CLANG_WARN_EMPTY_BODY = YES;
				CLANG_WARN_ENUM_CONVERSION = YES;
				CLANG_WARN_INFINITE_RECURSION = YES;
				CLANG_WARN_INT_CONVERSION = YES;
				CLANG_WARN_NON_LITERAL_NULL_CONVERSION = YES;
				CLANG_WARN_OBJC_IMPLICIT_RETAIN_SELF = YES;
				CLANG_WARN_OBJC_LITERAL_CONVERSION = YES;
				CLANG_WARN_OBJC_ROOT_CLASS = YES_ERROR;
				CLANG_WARN_QUOTED_INCLUDE_IN_FRAMEWORK_HEADER = YES;
				CLANG_WARN_RANGE_LOOP_ANALYSIS = YES;
				CLANG_WARN_STRICT_PROTOTYPES = YES;
				CLANG_WARN_SUSPICIOUS_MOVE = YES;
				CLANG_WARN_UNGUARDED_AVAILABILITY = YES_AGGRESSIVE;
				CLANG_WARN_UNREACHABLE_CODE = YES;
				CLANG_WARN__DUPLICATE_METHOD_MATCH = YES;
				COPY_PHASE_STRIP = NO;
				DEBUG_INFORMATION_FORMAT = "dwarf-with-dsym";
				ENABLE_NS_ASSERTIONS = NO;
				ENABLE_STRICT_OBJC_MSGSEND = YES;
				GCC_C_LANGUAGE_STANDARD = gnu11;
				GCC_NO_COMMON_BLOCKS = YES;
				GCC_WARN_64_TO_32_BIT_CONVERSION = YES;
				GCC_WARN_ABOUT_RETURN_TYPE = YES_ERROR;
				GCC_WARN_UNDECLARED_SELECTOR = YES;
				GCC_WARN_UNINITIALIZED_AUTOS = YES_AGGRESSIVE;
				GCC_WARN_UNUSED_FUNCTION = YES;
				GCC_WARN_UNUSED_VARIABLE = YES;
				IPHONEOS_DEPLOYMENT_TARGET = 15.0;
				MTL_ENABLE_DEBUG_INFO = NO;
				MTL_FAST_MATH = YES;
				SDKROOT = iphoneos;
				SWIFT_COMPILATION_MODE = wholemodule;
				SWIFT_OPTIMIZATION_LEVEL = "-O";
				VALIDATE_PRODUCT = YES;
			};
			name = Release;
		};
		AD73AB25271335BF00615B20 /* Debug */ = {
			isa = XCBuildConfiguration;
			buildSettings = {
				ASSETCATALOG_COMPILER_APPICON_NAME = AppIcon;
				ASSETCATALOG_COMPILER_GLOBAL_ACCENT_COLOR_NAME = AccentColor;
				CODE_SIGN_STYLE = Automatic;
				CURRENT_PROJECT_VERSION = 1;
				DEVELOPMENT_ASSET_PATHS = "\"AsyncAwaitMVVM/Preview Content\"";
				DEVELOPMENT_TEAM = P5G5J5RV2G;
				ENABLE_PREVIEWS = YES;
				GENERATE_INFOPLIST_FILE = YES;
				INFOPLIST_KEY_UIApplicationSceneManifest_Generation = YES;
				INFOPLIST_KEY_UIApplicationSupportsIndirectInputEvents = YES;
				INFOPLIST_KEY_UILaunchScreen_Generation = YES;
				INFOPLIST_KEY_UISupportedInterfaceOrientations_iPad = "UIInterfaceOrientationPortrait UIInterfaceOrientationPortraitUpsideDown UIInterfaceOrientationLandscapeLeft UIInterfaceOrientationLandscapeRight";
				INFOPLIST_KEY_UISupportedInterfaceOrientations_iPhone = "UIInterfaceOrientationPortrait UIInterfaceOrientationLandscapeLeft UIInterfaceOrientationLandscapeRight";
				IPHONEOS_DEPLOYMENT_TARGET = 15.0;
				LD_RUNPATH_SEARCH_PATHS = (
					"$(inherited)",
					"@executable_path/Frameworks",
				);
				MARKETING_VERSION = 1.0;
				PRODUCT_BUNDLE_IDENTIFIER = com.tund.AsyncAwaitMVVM;
				PRODUCT_NAME = "$(TARGET_NAME)";
				SWIFT_EMIT_LOC_STRINGS = YES;
				SWIFT_VERSION = 5.0;
				TARGETED_DEVICE_FAMILY = "1,2";
			};
			name = Debug;
		};
		AD73AB26271335BF00615B20 /* Release */ = {
			isa = XCBuildConfiguration;
			buildSettings = {
				ASSETCATALOG_COMPILER_APPICON_NAME = AppIcon;
				ASSETCATALOG_COMPILER_GLOBAL_ACCENT_COLOR_NAME = AccentColor;
				CODE_SIGN_STYLE = Automatic;
				CURRENT_PROJECT_VERSION = 1;
				DEVELOPMENT_ASSET_PATHS = "\"AsyncAwaitMVVM/Preview Content\"";
				DEVELOPMENT_TEAM = P5G5J5RV2G;
				ENABLE_PREVIEWS = YES;
				GENERATE_INFOPLIST_FILE = YES;
				INFOPLIST_KEY_UIApplicationSceneManifest_Generation = YES;
				INFOPLIST_KEY_UIApplicationSupportsIndirectInputEvents = YES;
				INFOPLIST_KEY_UILaunchScreen_Generation = YES;
				INFOPLIST_KEY_UISupportedInterfaceOrientations_iPad = "UIInterfaceOrientationPortrait UIInterfaceOrientationPortraitUpsideDown UIInterfaceOrientationLandscapeLeft UIInterfaceOrientationLandscapeRight";
				INFOPLIST_KEY_UISupportedInterfaceOrientations_iPhone = "UIInterfaceOrientationPortrait UIInterfaceOrientationLandscapeLeft UIInterfaceOrientationLandscapeRight";
				IPHONEOS_DEPLOYMENT_TARGET = 15.0;
				LD_RUNPATH_SEARCH_PATHS = (
					"$(inherited)",
					"@executable_path/Frameworks",
				);
				MARKETING_VERSION = 1.0;
				PRODUCT_BUNDLE_IDENTIFIER = com.tund.AsyncAwaitMVVM;
				PRODUCT_NAME = "$(TARGET_NAME)";
				SWIFT_EMIT_LOC_STRINGS = YES;
				SWIFT_VERSION = 5.0;
				TARGETED_DEVICE_FAMILY = "1,2";
			};
			name = Release;
		};
/* End XCBuildConfiguration section */

/* Begin XCConfigurationList section */
		AD73AB11271335BC00615B20 /* Build configuration list for PBXProject "AsyncAwaitMVVM" */ = {
			isa = XCConfigurationList;
			buildConfigurations = (
				AD73AB22271335BF00615B20 /* Debug */,
				AD73AB23271335BF00615B20 /* Release */,
			);
			defaultConfigurationIsVisible = 0;
			defaultConfigurationName = Release;
		};
		AD73AB24271335BF00615B20 /* Build configuration list for PBXNativeTarget "AsyncAwaitMVVM" */ = {
			isa = XCConfigurationList;
			buildConfigurations = (
				AD73AB25271335BF00615B20 /* Debug */,
				AD73AB26271335BF00615B20 /* Release */,
			);
			defaultConfigurationIsVisible = 0;
			defaultConfigurationName = Release;
		};
/* End XCConfigurationList section */
	};
	rootObject = AD73AB0E271335BC00615B20 /* Project object */;
}
